
Microsoft Visual Studio Solution File, Format Version 12.00
# Visual Studio Version 16
VisualStudioVersion = 16.0.30413.136
MinimumVisualStudioVersion = 10.0.40219.1
Project("{FAE04EC0-301F-11D3-BF4B-00C04F79EFBC}") = "ConsoleUISeparate", "ConsoleUISeparate\ConsoleUISeparate.csproj", "{68B0907F-0F76-4CAB-B95E-52EF247E1B38}"
EndProject
Project("{FAE04EC0-301F-11D3-BF4B-00C04F79EFBC}") = "MenuLib", "MenuUI\MenuLib.csproj", "{C2DA845A-1E62-480E-8BC0-9DBCAA4D22C9}"
EndProject
Project("{FAE04EC0-301F-11D3-BF4B-00C04F79EFBC}") = "Portfolio", "Portfolio\Portfolio.csproj", "{A688C0F9-4474-4B5B-BD12-A8D9FA462EE9}"
EndProject
Global
	GlobalSection(SolutionConfigurationPlatforms) = preSolution
		Debug|Any CPU = Debug|Any CPU
		Release|Any CPU = Release|Any CPU
	EndGlobalSection
	GlobalSection(ProjectConfigurationPlatforms) = postSolution
		{68B0907F-0F76-4CAB-B95E-52EF247E1B38}.Debug|Any CPU.ActiveCfg = Debug|Any CPU
		{68B0907F-0F76-4CAB-B95E-52EF247E1B38}.Debug|Any CPU.Build.0 = Debug|Any CPU
		{68B0907F-0F76-4CAB-B95E-52EF247E1B38}.Release|Any CPU.ActiveCfg = Release|Any CPU
		{68B0907F-0F76-4CAB-B95E-52EF247E1B38}.Release|Any CPU.Build.0 = Release|Any CPU
		{C2DA845A-1E62-480E-8BC0-9DBCAA4D22C9}.Debug|Any CPU.ActiveCfg = Debug|Any CPU
		{C2DA845A-1E62-480E-8BC0-9DBCAA4D22C9}.Debug|Any CPU.Build.0 = Debug|Any CPU
		{C2DA845A-1E62-480E-8BC0-9DBCAA4D22C9}.Release|Any CPU.ActiveCfg = Release|Any CPU
		{C2DA845A-1E62-480E-8BC0-9DBCAA4D22C9}.Release|Any CPU.Build.0 = Release|Any CPU
		{A688C0F9-4474-4B5B-BD12-A8D9FA462EE9}.Debug|Any CPU.ActiveCfg = Debug|Any CPU
		{A688C0F9-4474-4B5B-BD12-A8D9FA462EE9}.Debug|Any CPU.Build.0 = Debug|Any CPU
		{A688C0F9-4474-4B5B-BD12-A8D9FA462EE9}.Release|Any CPU.ActiveCfg = Release|Any CPU
		{A688C0F9-4474-4B5B-BD12-A8D9FA462EE9}.Release|Any CPU.Build.0 = Release|Any CPU
	EndGlobalSection
	GlobalSection(SolutionProperties) = preSolution
		HideSolutionNode = FALSE
	EndGlobalSection
	GlobalSection(ExtensibilityGlobals) = postSolution
		SolutionGuid = {712F3AFE-1C1A-4840-820E-218C3292F524}
	EndGlobalSection
EndGlobal
